{
  "originHash" : "d7b2129b94d9e11eb84665b8f33c2afbdeff8e4754d7369128b2403a706be616",
  "pins" : [
    {
      "identity" : "swift-http-types",
      "kind" : "remoteSourceControl",
      "location" : "https://github.com/apple/swift-http-types.git",
      "state" : {
        "revision" : "bff4b6903cdc99dda49649dd52f46c11cfd3ed50",
        "version" : "1.8.0"
      }
    }
  ],
  "version" : 3
}
